// !$*UTF8*$!
{
	archiveVersion = 1;
	classes = {
	};
	objectVersion = 46;
	objects = {

/* Begin PBXBuildFile section */
		CF9F62301A9FEBD20048054B /* main.m in Sources */ = {isa = PBXBuildFile; fileRef = CF9F622F1A9FEBD20048054B /* main.m */; };
		CF9F62331A9FEBD20048054B /* OGMAppDelegate.m in Sources */ = {isa = PBXBuildFile; fileRef = CF9F62321A9FEBD20048054B /* OGMAppDelegate.m */; };
		CF9F62361A9FEBD20048054B /* OGMViewController.m in Sources */ = {isa = PBXBuildFile; fileRef = CF9F62351A9FEBD20048054B /* OGMViewController.m */; };
		CF9F62391A9FEBD20048054B /* Main.storyboard in Resources */ = {isa = PBXBuildFile; fileRef = CF9F62371A9FEBD20048054B /* Main.storyboard */; };
		CF9F623B1A9FEBD20048054B /* Images.xcassets in Resources */ = {isa = PBXBuildFile; fileRef = CF9F623A1A9FEBD20048054B /* Images.xcassets */; };
		CF9F623E1A9FEBD20048054B /* LaunchScreen.xib in Resources */ = {isa = PBXBuildFile; fileRef = CF9F623C1A9FEBD20048054B /* LaunchScreen.xib */; };
		CF9F624A1A9FEBD20048054B /* HypnoNerdTests.m in Sources */ = {isa = PBXBuildFile; fileRef = CF9F62491A9FEBD20048054B /* HypnoNerdTests.m */; };
		CF9F62551A9FEC850048054B /* OGMHypnosisView.m in Sources */ = {isa = PBXBuildFile; fileRef = CF9F62541A9FEC850048054B /* OGMHypnosisView.m */; };
		CF9F62581A9FECF10048054B /* OGMHypnosisViewController.m in Sources */ = {isa = PBXBuildFile; fileRef = CF9F62571A9FECF10048054B /* OGMHypnosisViewController.m */; };
/* End PBXBuildFile section */

/* Begin PBXContainerItemProxy section */
		CF9F62441A9FEBD20048054B /* PBXContainerItemProxy */ = {
			isa = PBXContainerItemProxy;
			containerPortal = CF9F62221A9FEBD20048054B /* Project object */;
			proxyType = 1;
			remoteGlobalIDString = CF9F62291A9FEBD20048054B;
			remoteInfo = HypnoNerd;
		};
/* End PBXContainerItemProxy section */

/* Begin PBXFileReference section */
		CF9F622A1A9FEBD20048054B /* HypnoNerd.app */ = {isa = PBXFileReference; explicitFileType = wrapper.application; includeInIndex = 0; path = HypnoNerd.app; sourceTree = BUILT_PRODUCTS_DIR; };
		CF9F622E1A9FEBD20048054B /* Info.plist */ = {isa = PBXFileReference; lastKnownFileType = text.plist.xml; path = Info.plist; sourceTree = "<group>"; };
		CF9F622F1A9FEBD20048054B /* main.m */ = {isa = PBXFileReference; lastKnownFileType = sourcecode.c.objc; path = main.m; sourceTree = "<group>"; };
		CF9F62311A9FEBD20048054B /* OGMAppDelegate.h */ = {isa = PBXFileReference; lastKnownFileType = sourcecode.c.h; path = OGMAppDelegate.h; sourceTree = "<group>"; };
		CF9F62321A9FEBD20048054B /* OGMAppDelegate.m */ = {isa = PBXFileReference; lastKnownFileType = sourcecode.c.objc; path = OGMAppDelegate.m; sourceTree = "<group>"; };
		CF9F62341A9FEBD20048054B /* OGMViewController.h */ = {isa = PBXFileReference; lastKnownFileType = sourcecode.c.h; path = OGMViewController.h; sourceTree = "<group>"; };
		CF9F62351A9FEBD20048054B /* OGMViewController.m */ = {isa = PBXFileReference; lastKnownFileType = sourcecode.c.objc; path = OGMViewController.m; sourceTree = "<group>"; };
		CF9F62381A9FEBD20048054B /* Base */ = {isa = PBXFileReference; lastKnownFileType = file.storyboard; name = Base; path = Base.lproj/Main.storyboard; sourceTree = "<group>"; };
		CF9F623A1A9FEBD20048054B /* Images.xcassets */ = {isa = PBXFileReference; lastKnownFileType = folder.assetcatalog; path = Images.xcassets; sourceTree = "<group>"; };
		CF9F623D1A9FEBD20048054B /* Base */ = {isa = PBXFileReference; lastKnownFileType = file.xib; name = Base; path = Base.lproj/LaunchScreen.xib; sourceTree = "<group>"; };
		CF9F62431A9FEBD20048054B /* HypnoNerdTests.xctest */ = {isa = PBXFileReference; explicitFileType = wrapper.cfbundle; includeInIndex = 0; path = HypnoNerdTests.xctest; sourceTree = BUILT_PRODUCTS_DIR; };
		CF9F62481A9FEBD20048054B /* Info.plist */ = {isa = PBXFileReference; lastKnownFileType = text.plist.xml; path = Info.plist; sourceTree = "<group>"; };
		CF9F62491A9FEBD20048054B /* HypnoNerdTests.m */ = {isa = PBXFileReference; lastKnownFileType = sourcecode.c.objc; path = HypnoNerdTests.m; sourceTree = "<group>"; };
		CF9F62531A9FEC850048054B /* OGMHypnosisView.h */ = {isa = PBXFileReference; fileEncoding = 4; lastKnownFileType = sourcecode.c.h; path = OGMHypnosisView.h; sourceTree = "<group>"; };
		CF9F62541A9FEC850048054B /* OGMHypnosisView.m */ = {isa = PBXFileReference; fileEncoding = 4; lastKnownFileType = sourcecode.c.objc; path = OGMHypnosisView.m; sourceTree = "<group>"; };
		CF9F62561A9FECF10048054B /* OGMHypnosisViewController.h */ = {isa = PBXFileReference; fileEncoding = 4; lastKnownFileType = sourcecode.c.h; path = OGMHypnosisViewController.h; sourceTree = "<group>"; };
		CF9F62571A9FECF10048054B /* OGMHypnosisViewController.m */ = {isa = PBXFileReference; fileEncoding = 4; lastKnownFileType = sourcecode.c.objc; path = OGMHypnosisViewController.m; sourceTree = "<group>"; };
/* End PBXFileReference section */

/* Begin PBXFrameworksBuildPhase section */
		CF9F62271A9FEBD20048054B /* Frameworks */ = {
			isa = PBXFrameworksBuildPhase;
			buildActionMask = 2147483647;
			files = (
			);
			runOnlyForDeploymentPostprocessing = 0;
		};
		CF9F62401A9FEBD20048054B /* Frameworks */ = {
			isa = PBXFrameworksBuildPhase;
			buildActionMask = 2147483647;
			files = (
			);
			runOnlyForDeploymentPostprocessing = 0;
		};
/* End PBXFrameworksBuildPhase section */

/* Begin PBXGroup section */
		CF9F62211A9FEBD20048054B = {
			isa = PBXGroup;
			children = (
				CF9F622C1A9FEBD20048054B /* HypnoNerd */,
				CF9F62461A9FEBD20048054B /* HypnoNerdTests */,
				CF9F622B1A9FEBD20048054B /* Products */,
			);
			sourceTree = "<group>";
		};
		CF9F622B1A9FEBD20048054B /* Products */ = {
			isa = PBXGroup;
			children = (
				CF9F622A1A9FEBD20048054B /* HypnoNerd.app */,
				CF9F62431A9FEBD20048054B /* HypnoNerdTests.xctest */,
			);
			name = Products;
			sourceTree = "<group>";
		};
		CF9F622C1A9FEBD20048054B /* HypnoNerd */ = {
			isa = PBXGroup;
			children = (
				CF9F62311A9FEBD20048054B /* OGMAppDelegate.h */,
				CF9F62321A9FEBD20048054B /* OGMAppDelegate.m */,
				CF9F62341A9FEBD20048054B /* OGMViewController.h */,
				CF9F62351A9FEBD20048054B /* OGMViewController.m */,
				CF9F62561A9FECF10048054B /* OGMHypnosisViewController.h */,
				CF9F62571A9FECF10048054B /* OGMHypnosisViewController.m */,
				CF9F62531A9FEC850048054B /* OGMHypnosisView.h */,
				CF9F62541A9FEC850048054B /* OGMHypnosisView.m */,
				CF9F62371A9FEBD20048054B /* Main.storyboard */,
				CF9F623A1A9FEBD20048054B /* Images.xcassets */,
				CF9F623C1A9FEBD20048054B /* LaunchScreen.xib */,
				CF9F622D1A9FEBD20048054B /* Supporting Files */,
			);
			path = HypnoNerd;
			sourceTree = "<group>";
		};
		CF9F622D1A9FEBD20048054B /* Supporting Files */ = {
			isa = PBXGroup;
			children = (
				CF9F622E1A9FEBD20048054B /* Info.plist */,
				CF9F622F1A9FEBD20048054B /* main.m */,
			);
			name = "Supporting Files";
			sourceTree = "<group>";
		};
		CF9F62461A9FEBD20048054B /* HypnoNerdTests */ = {
			isa = PBXGroup;
			children = (
				CF9F62491A9FEBD20048054B /* HypnoNerdTests.m */,
				CF9F62471A9FEBD20048054B /* Supporting Files */,
			);
			path = HypnoNerdTests;
			sourceTree = "<group>";
		};
		CF9F62471A9FEBD20048054B /* Supporting Files */ = {
			isa = PBXGroup;
			children = (
				CF9F62481A9FEBD20048054B /* Info.plist */,
			);
			name = "Supporting Files";
			sourceTree = "<group>";
		};
/* End PBXGroup section */

/* Begin PBXNativeTarget section */
		CF9F62291A9FEBD20048054B /* HypnoNerd */ = {
			isa = PBXNativeTarget;
			buildConfigurationList = CF9F624D1A9FEBD20048054B /* Build configuration list for PBXNativeTarget "HypnoNerd" */;
			buildPhases = (
				CF9F62261A9FEBD20048054B /* Sources */,
				CF9F62271A9FEBD20048054B /* Frameworks */,
				CF9F62281A9FEBD20048054B /* Resources */,
			);
			buildRules = (
			);
			dependencies = (
			);
			name = HypnoNerd;
			productName = HypnoNerd;
			productReference = CF9F622A1A9FEBD20048054B /* HypnoNerd.app */;
			productType = "com.apple.product-type.application";
		};
		CF9F62421A9FEBD20048054B /* HypnoNerdTests */ = {
			isa = PBXNativeTarget;
			buildConfigurationList = CF9F62501A9FEBD20048054B /* Build configuration list for PBXNativeTarget "HypnoNerdTests" */;
			buildPhases = (
				CF9F623F1A9FEBD20048054B /* Sources */,
				CF9F62401A9FEBD20048054B /* Frameworks */,
				CF9F62411A9FEBD20048054B /* Resources */,
			);
			buildRules = (
			);
			dependencies = (
				CF9F62451A9FEBD20048054B /* PBXTargetDependency */,
			);
			name = HypnoNerdTests;
			productName = HypnoNerdTests;
			productReference = CF9F62431A9FEBD20048054B /* HypnoNerdTests.xctest */;
			productType = "com.apple.product-type.bundle.unit-test";
		};
/* End PBXNativeTarget section */

/* Begin PBXProject section */
		CF9F62221A9FEBD20048054B /* Project object */ = {
			isa = PBXProject;
			attributes = {
				LastUpgradeCheck = 0610;
				ORGANIZATIONNAME = "Omri Meshulam";
				TargetAttributes = {
					CF9F62291A9FEBD20048054B = {
						CreatedOnToolsVersion = 6.1.1;
					};
					CF9F62421A9FEBD20048054B = {
						CreatedOnToolsVersion = 6.1.1;
						TestTargetID = CF9F62291A9FEBD20048054B;
					};
				};
			};
			buildConfigurationList = CF9F62251A9FEBD20048054B /* Build configuration list for PBXProject "HypnoNerd" */;
			compatibilityVersion = "Xcode 3.2";
			developmentRegion = English;
			hasScannedForEncodings = 0;
			knownRegions = (
				en,
				Base,
			);
			mainGroup = CF9F62211A9FEBD20048054B;
			productRefGroup = CF9F622B1A9FEBD20048054B /* Products */;
			projectDirPath = "";
			projectRoot = "";
			targets = (
				CF9F62291A9FEBD20048054B /* HypnoNerd */,
				CF9F62421A9FEBD20048054B /* HypnoNerdTests */,
			);
		};
/* End PBXProject section */

/* Begin PBXResourcesBuildPhase section */
		CF9F62281A9FEBD20048054B /* Resources */ = {
			isa = PBXResourcesBuildPhase;
			buildActionMask = 2147483647;
			files = (
				CF9F62391A9FEBD20048054B /* Main.storyboard in Resources */,
				CF9F623E1A9FEBD20048054B /* LaunchScreen.xib in Resources */,
				CF9F623B1A9FEBD20048054B /* Images.xcassets in Resources */,
			);
			runOnlyForDeploymentPostprocessing = 0;
		};
		CF9F62411A9FEBD20048054B /* Resources */ = {
			isa = PBXResourcesBuildPhase;
			buildActionMask = 2147483647;
			files = (
			);
			runOnlyForDeploymentPostprocessing = 0;
		};
/* End PBXResourcesBuildPhase section */

/* Begin PBXSourcesBuildPhase section */
		CF9F62261A9FEBD20048054B /* Sources */ = {
			isa = PBXSourcesBuildPhase;
			buildActionMask = 2147483647;
			files = (
				CF9F62361A9FEBD20048054B /* OGMViewController.m in Sources */,
				CF9F62331A9FEBD20048054B /* OGMAppDelegate.m in Sources */,
				CF9F62301A9FEBD20048054B /* main.m in Sources */,
				CF9F62551A9FEC850048054B /* OGMHypnosisView.m in Sources */,
				CF9F62581A9FECF10048054B /* OGMHypnosisViewController.m in Sources */,
			);
			runOnlyForDeploymentPostprocessing = 0;
		};
		CF9F623F1A9FEBD20048054B /* Sources */ = {
			isa = PBXSourcesBuildPhase;
			buildActionMask = 2147483647;
			files = (
				CF9F624A1A9FEBD20048054B /* HypnoNerdTests.m in Sources */,
			);
			runOnlyForDeploymentPostprocessing = 0;
		};
/* End PBXSourcesBuildPhase section */

/* Begin PBXTargetDependency section */
		CF9F62451A9FEBD20048054B /* PBXTargetDependency */ = {
			isa = PBXTargetDependency;
			target = CF9F62291A9FEBD20048054B /* HypnoNerd */;
			targetProxy = CF9F62441A9FEBD20048054B /* PBXContainerItemProxy */;
		};
/* End PBXTargetDependency section */

/* Begin PBXVariantGroup section */
		CF9F62371A9FEBD20048054B /* Main.storyboard */ = {
			isa = PBXVariantGroup;
			children = (
				CF9F62381A9FEBD20048054B /* Base */,
			);
			name = Main.storyboard;
			sourceTree = "<group>";
		};
		CF9F623C1A9FEBD20048054B /* LaunchScreen.xib */ = {
			isa = PBXVariantGroup;
			children = (
				CF9F623D1A9FEBD20048054B /* Base */,
			);
			name = LaunchScreen.xib;
			sourceTree = "<group>";
		};
/* End PBXVariantGroup section */

/* Begin XCBuildConfiguration section */
		CF9F624B1A9FEBD20048054B /* Debug */ = {
			isa = XCBuildConfiguration;
			buildSettings = {
				ALWAYS_SEARCH_USER_PATHS = NO;
				CLANG_CXX_LANGUAGE_STANDARD = "gnu++0x";
				CLANG_CXX_LIBRARY = "libc++";
				CLANG_ENABLE_MODULES = YES;
				CLANG_ENABLE_OBJC_ARC = YES;
				CLANG_WARN_BOOL_CONVERSION = YES;
				CLANG_WARN_CONSTANT_CONVERSION = YES;
				CLANG_WARN_DIRECT_OBJC_ISA_USAGE = YES_ERROR;
				CLANG_WARN_EMPTY_BODY = YES;
				CLANG_WARN_ENUM_CONVERSION = YES;
				CLANG_WARN_INT_CONVERSION = YES;
				CLANG_WARN_OBJC_ROOT_CLASS = YES_ERROR;
				CLANG_WARN_UNREACHABLE_CODE = YES;
				CLANG_WARN__DUPLICATE_METHOD_MATCH = YES;
				"CODE_SIGN_IDENTITY[sdk=iphoneos*]" = "iPhone Developer";
				COPY_PHASE_STRIP = NO;
				ENABLE_STRICT_OBJC_MSGSEND = YES;
				GCC_C_LANGUAGE_STANDARD = gnu99;
				GCC_DYNAMIC_NO_PIC = NO;
				GCC_OPTIMIZATION_LEVEL = 0;
				GCC_PREPROCESSOR_DEFINITIONS = (
					"DEBUG=1",
					"$(inherited)",
				);
				GCC_SYMBOLS_PRIVATE_EXTERN = NO;
				GCC_WARN_64_TO_32_BIT_CONVERSION = YES;
				GCC_WARN_ABOUT_RETURN_TYPE = YES_ERROR;
				GCC_WARN_UNDECLARED_SELECTOR = YES;
				GCC_WARN_UNINITIALIZED_AUTOS = YES_AGGRESSIVE;
				GCC_WARN_UNUSED_FUNCTION = YES;
				GCC_WARN_UNUSED_VARIABLE = YES;
				IPHONEOS_DEPLOYMENT_TARGET = 8.1;
				MTL_ENABLE_DEBUG_INFO = YES;
				ONLY_ACTIVE_ARCH = YES;
				SDKROOT = iphoneos;
			};
			name = Debug;
		};
		CF9F624C1A9FEBD20048054B /* Release */ = {
			isa = XCBuildConfiguration;
			buildSettings = {
				ALWAYS_SEARCH_USER_PATHS = NO;
				CLANG_CXX_LANGUAGE_STANDARD = "gnu++0x";
				CLANG_CXX_LIBRARY = "libc++";
				CLANG_ENABLE_MODULES = YES;
				CLANG_ENABLE_OBJC_ARC = YES;
				CLANG_WARN_BOOL_CONVERSION = YES;
				CLANG_WARN_CONSTANT_CONVERSION = YES;
				CLANG_WARN_DIRECT_OBJC_ISA_USAGE = YES_ERROR;
				CLANG_WARN_EMPTY_BODY = YES;
				CLANG_WARN_ENUM_CONVERSION = YES;
				CLANG_WARN_INT_CONVERSION = YES;
				CLANG_WARN_OBJC_ROOT_CLASS = YES_ERROR;
				CLANG_WARN_UNREACHABLE_CODE = YES;
				CLANG_WARN__DUPLICATE_METHOD_MATCH = YES;
				"CODE_SIGN_IDENTITY[sdk=iphoneos*]" = "iPhone Developer";
				COPY_PHASE_STRIP = YES;
				ENABLE_NS_ASSERTIONS = NO;
				ENABLE_STRICT_OBJC_MSGSEND = YES;
				GCC_C_LANGUAGE_STANDARD = gnu99;
				GCC_WARN_64_TO_32_BIT_CONVERSION = YES;
				GCC_WARN_ABOUT_RETURN_TYPE = YES_ERROR;
				GCC_WARN_UNDECLARED_SELECTOR = YES;
				GCC_WARN_UNINITIALIZED_AUTOS = YES_AGGRESSIVE;
				GCC_WARN_UNUSED_FUNCTION = YES;
				GCC_WARN_UNUSED_VARIABLE = YES;
				IPHONEOS_DEPLOYMENT_TARGET = 8.1;
				MTL_ENABLE_DEBUG_INFO = NO;
				SDKROOT = iphoneos;
				VALIDATE_PRODUCT = YES;
			};
			name = Release;
		};
		CF9F624E1A9FEBD20048054B /* Debug */ = {
			isa = XCBuildConfiguration;
			buildSettings = {
				ASSETCATALOG_COMPILER_APPICON_NAME = AppIcon;
				INFOPLIST_FILE = HypnoNerd/Info.plist;
				LD_RUNPATH_SEARCH_PATHS = "$(inherited) @executable_path/Frameworks";
				PRODUCT_NAME = "$(TARGET_NAME)";
			};
			name = Debug;
		};
		CF9F624F1A9FEBD20048054B /* Release */ = {
			isa = XCBuildConfiguration;
			buildSettings = {
				ASSETCATALOG_COMPILER_APPICON_NAME = AppIcon;
				INFOPLIST_FILE = HypnoNerd/Info.plist;
				LD_RUNPATH_SEARCH_PATHS = "$(inherited) @executable_path/Frameworks";
				PRODUCT_NAME = "$(TARGET_NAME)";
			};
			name = Release;
		};
		CF9F62511A9FEBD20048054B /* Debug */ = {
			isa = XCBuildConfiguration;
			buildSettings = {
				BUNDLE_LOADER = "$(TEST_HOST)";
				FRAMEWORK_SEARCH_PATHS = (
					"$(SDKROOT)/Developer/Library/Frameworks",
					"$(inherited)",
				);
				GCC_PREPROCESSOR_DEFINITIONS = (
					"DEBUG=1",
					"$(inherited)",
				);
				INFOPLIST_FILE = HypnoNerdTests/Info.plist;
				LD_RUNPATH_SEARCH_PATHS = "$(inherited) @executable_path/Frameworks @loader_path/Frameworks";
				PRODUCT_NAME = "$(TARGET_NAME)";
				TEST_HOST = "$(BUILT_PRODUCTS_DIR)/HypnoNerd.app/HypnoNerd";
			};
			name = Debug;
		};
		CF9F62521A9FEBD20048054B /* Release */ = {
			isa = XCBuildConfiguration;
			buildSettings = {
				BUNDLE_LOADER = "$(TEST_HOST)";
				FRAMEWORK_SEARCH_PATHS = (
					"$(SDKROOT)/Developer/Library/Frameworks",
					"$(inherited)",
				);
				INFOPLIST_FILE = HypnoNerdTests/Info.plist;
				LD_RUNPATH_SEARCH_PATHS = "$(inherited) @executable_path/Frameworks @loader_path/Frameworks";
				PRODUCT_NAME = "$(TARGET_NAME)";
				TEST_HOST = "$(BUILT_PRODUCTS_DIR)/HypnoNerd.app/HypnoNerd";
			};
			name = Release;
		};
/* End XCBuildConfiguration section */

/* Begin XCConfigurationList section */
		CF9F62251A9FEBD20048054B /* Build configuration list for PBXProject "HypnoNerd" */ = {
			isa = XCConfigurationList;
			buildConfigurations = (
				CF9F624B1A9FEBD20048054B /* Debug */,
				CF9F624C1A9FEBD20048054B /* Release */,
			);
			defaultConfigurationIsVisible = 0;
			defaultConfigurationName = Release;
		};
		CF9F624D1A9FEBD20048054B /* Build configuration list for PBXNativeTarget "HypnoNerd" */ = {
			isa = XCConfigurationList;
			buildConfigurations = (
				CF9F624E1A9FEBD20048054B /* Debug */,
				CF9F624F1A9FEBD20048054B /* Release */,
			);
			defaultConfigurationIsVisible = 0;
			defaultConfigurationName = Release;
		};
		CF9F62501A9FEBD20048054B /* Build configuration list for PBXNativeTarget "HypnoNerdTests" */ = {
			isa = XCConfigurationList;
			buildConfigurations = (
				CF9F62511A9FEBD20048054B /* Debug */,
				CF9F62521A9FEBD20048054B /* Release */,
			);
			defaultConfigurationIsVisible = 0;
			defaultConfigurationName = Release;
		};
/* End XCConfigurationList section */
	};
	rootObject = CF9F62221A9FEBD20048054B /* Project object */;
}
